// !$*UTF8*$!
{
	archiveVersion = 1;
	classes = {
	};
	objectVersion = 46;
	objects = {

/* Begin PBXBuildFile section */
		FEE35FCC1D5D30280042E97C /* main.m in Sources */ = {isa = PBXBuildFile; fileRef = FEE35FCB1D5D30280042E97C /* main.m */; };
		FEE35FCF1D5D30280042E97C /* AppDelegate.m in Sources */ = {isa = PBXBuildFile; fileRef = FEE35FCE1D5D30280042E97C /* AppDelegate.m */; };
		FEE35FD21D5D30280042E97C /* ViewController.m in Sources */ = {isa = PBXBuildFile; fileRef = FEE35FD11D5D30280042E97C /* ViewController.m */; };
		FEE35FD51D5D30280042E97C /* Main.storyboard in Resources */ = {isa = PBXBuildFile; fileRef = FEE35FD31D5D30280042E97C /* Main.storyboard */; };
		FEE35FD71D5D30280042E97C /* Assets.xcassets in Resources */ = {isa = PBXBuildFile; fileRef = FEE35FD61D5D30280042E97C /* Assets.xcassets */; };
		FEE35FDA1D5D30280042E97C /* LaunchScreen.storyboard in Resources */ = {isa = PBXBuildFile; fileRef = FEE35FD81D5D30280042E97C /* LaunchScreen.storyboard */; };
		FEE35FE51D5D30280042E97C /* githubTests.m in Sources */ = {isa = PBXBuildFile; fileRef = FEE35FE41D5D30280042E97C /* githubTests.m */; };
		FEE35FF01D5D30280042E97C /* githubUITests.m in Sources */ = {isa = PBXBuildFile; fileRef = FEE35FEF1D5D30280042E97C /* githubUITests.m */; };
/* End PBXBuildFile section */

/* Begin PBXContainerItemProxy section */
		FEE35FE11D5D30280042E97C /* PBXContainerItemProxy */ = {
			isa = PBXContainerItemProxy;
			containerPortal = FEE35FBF1D5D30270042E97C /* Project object */;
			proxyType = 1;
			remoteGlobalIDString = FEE35FC61D5D30270042E97C;
			remoteInfo = github;
		};
		FEE35FEC1D5D30280042E97C /* PBXContainerItemProxy */ = {
			isa = PBXContainerItemProxy;
			containerPortal = FEE35FBF1D5D30270042E97C /* Project object */;
			proxyType = 1;
			remoteGlobalIDString = FEE35FC61D5D30270042E97C;
			remoteInfo = github;
		};
/* End PBXContainerItemProxy section */

/* Begin PBXFileReference section */
		FEE35FC71D5D30280042E97C /* github.app */ = {isa = PBXFileReference; explicitFileType = wrapper.application; includeInIndex = 0; path = github.app; sourceTree = BUILT_PRODUCTS_DIR; };
		FEE35FCB1D5D30280042E97C /* main.m */ = {isa = PBXFileReference; lastKnownFileType = sourcecode.c.objc; path = main.m; sourceTree = "<group>"; };
		FEE35FCD1D5D30280042E97C /* AppDelegate.h */ = {isa = PBXFileReference; lastKnownFileType = sourcecode.c.h; path = AppDelegate.h; sourceTree = "<group>"; };
		FEE35FCE1D5D30280042E97C /* AppDelegate.m */ = {isa = PBXFileReference; lastKnownFileType = sourcecode.c.objc; path = AppDelegate.m; sourceTree = "<group>"; };
		FEE35FD01D5D30280042E97C /* ViewController.h */ = {isa = PBXFileReference; lastKnownFileType = sourcecode.c.h; path = ViewController.h; sourceTree = "<group>"; };
		FEE35FD11D5D30280042E97C /* ViewController.m */ = {isa = PBXFileReference; lastKnownFileType = sourcecode.c.objc; path = ViewController.m; sourceTree = "<group>"; };
		FEE35FD41D5D30280042E97C /* Base */ = {isa = PBXFileReference; lastKnownFileType = file.storyboard; name = Base; path = Base.lproj/Main.storyboard; sourceTree = "<group>"; };
		FEE35FD61D5D30280042E97C /* Assets.xcassets */ = {isa = PBXFileReference; lastKnownFileType = folder.assetcatalog; path = Assets.xcassets; sourceTree = "<group>"; };
		FEE35FD91D5D30280042E97C /* Base */ = {isa = PBXFileReference; lastKnownFileType = file.storyboard; name = Base; path = Base.lproj/LaunchScreen.storyboard; sourceTree = "<group>"; };
		FEE35FDB1D5D30280042E97C /* Info.plist */ = {isa = PBXFileReference; lastKnownFileType = text.plist.xml; path = Info.plist; sourceTree = "<group>"; };
		FEE35FE01D5D30280042E97C /* githubTests.xctest */ = {isa = PBXFileReference; explicitFileType = wrapper.cfbundle; includeInIndex = 0; path = githubTests.xctest; sourceTree = BUILT_PRODUCTS_DIR; };
		FEE35FE41D5D30280042E97C /* githubTests.m */ = {isa = PBXFileReference; lastKnownFileType = sourcecode.c.objc; path = githubTests.m; sourceTree = "<group>"; };
		FEE35FE61D5D30280042E97C /* Info.plist */ = {isa = PBXFileReference; lastKnownFileType = text.plist.xml; path = Info.plist; sourceTree = "<group>"; };
		FEE35FEB1D5D30280042E97C /* githubUITests.xctest */ = {isa = PBXFileReference; explicitFileType = wrapper.cfbundle; includeInIndex = 0; path = githubUITests.xctest; sourceTree = BUILT_PRODUCTS_DIR; };
		FEE35FEF1D5D30280042E97C /* githubUITests.m */ = {isa = PBXFileReference; lastKnownFileType = sourcecode.c.objc; path = githubUITests.m; sourceTree = "<group>"; };
		FEE35FF11D5D30280042E97C /* Info.plist */ = {isa = PBXFileReference; lastKnownFileType = text.plist.xml; path = Info.plist; sourceTree = "<group>"; };
/* End PBXFileReference section */

/* Begin PBXFrameworksBuildPhase section */
		FEE35FC41D5D30270042E97C /* Frameworks */ = {
			isa = PBXFrameworksBuildPhase;
			buildActionMask = 2147483647;
			files = (
			);
			runOnlyForDeploymentPostprocessing = 0;
		};
		FEE35FDD1D5D30280042E97C /* Frameworks */ = {
			isa = PBXFrameworksBuildPhase;
			buildActionMask = 2147483647;
			files = (
			);
			runOnlyForDeploymentPostprocessing = 0;
		};
		FEE35FE81D5D30280042E97C /* Frameworks */ = {
			isa = PBXFrameworksBuildPhase;
			buildActionMask = 2147483647;
			files = (
			);
			runOnlyForDeploymentPostprocessing = 0;
		};
/* End PBXFrameworksBuildPhase section */

/* Begin PBXGroup section */
		FEE35FBE1D5D30270042E97C = {
			isa = PBXGroup;
			children = (
				FEE35FC91D5D30280042E97C /* github */,
				FEE35FE31D5D30280042E97C /* githubTests */,
				FEE35FEE1D5D30280042E97C /* githubUITests */,
				FEE35FC81D5D30280042E97C /* Products */,
			);
			sourceTree = "<group>";
		};
		FEE35FC81D5D30280042E97C /* Products */ = {
			isa = PBXGroup;
			children = (
				FEE35FC71D5D30280042E97C /* github.app */,
				FEE35FE01D5D30280042E97C /* githubTests.xctest */,
				FEE35FEB1D5D30280042E97C /* githubUITests.xctest */,
			);
			name = Products;
			sourceTree = "<group>";
		};
		FEE35FC91D5D30280042E97C /* github */ = {
			isa = PBXGroup;
			children = (
				FEE35FCD1D5D30280042E97C /* AppDelegate.h */,
				FEE35FCE1D5D30280042E97C /* AppDelegate.m */,
				FEE35FD01D5D30280042E97C /* ViewController.h */,
				FEE35FD11D5D30280042E97C /* ViewController.m */,
				FEE35FD31D5D30280042E97C /* Main.storyboard */,
				FEE35FD61D5D30280042E97C /* Assets.xcassets */,
				FEE35FD81D5D30280042E97C /* LaunchScreen.storyboard */,
				FEE35FDB1D5D30280042E97C /* Info.plist */,
				FEE35FCA1D5D30280042E97C /* Supporting Files */,
			);
			path = github;
			sourceTree = "<group>";
		};
		FEE35FCA1D5D30280042E97C /* Supporting Files */ = {
			isa = PBXGroup;
			children = (
				FEE35FCB1D5D30280042E97C /* main.m */,
			);
			name = "Supporting Files";
			sourceTree = "<group>";
		};
		FEE35FE31D5D30280042E97C /* githubTests */ = {
			isa = PBXGroup;
			children = (
				FEE35FE41D5D30280042E97C /* githubTests.m */,
				FEE35FE61D5D30280042E97C /* Info.plist */,
			);
			path = githubTests;
			sourceTree = "<group>";
		};
		FEE35FEE1D5D30280042E97C /* githubUITests */ = {
			isa = PBXGroup;
			children = (
				FEE35FEF1D5D30280042E97C /* githubUITests.m */,
				FEE35FF11D5D30280042E97C /* Info.plist */,
			);
			path = githubUITests;
			sourceTree = "<group>";
		};
/* End PBXGroup section */

/* Begin PBXNativeTarget section */
		FEE35FC61D5D30270042E97C /* github */ = {
			isa = PBXNativeTarget;
			buildConfigurationList = FEE35FF41D5D30280042E97C /* Build configuration list for PBXNativeTarget "github" */;
			buildPhases = (
				FEE35FC31D5D30270042E97C /* Sources */,
				FEE35FC41D5D30270042E97C /* Frameworks */,
				FEE35FC51D5D30270042E97C /* Resources */,
			);
			buildRules = (
			);
			dependencies = (
			);
			name = github;
			productName = github;
			productReference = FEE35FC71D5D30280042E97C /* github.app */;
			productType = "com.apple.product-type.application";
		};
		FEE35FDF1D5D30280042E97C /* githubTests */ = {
			isa = PBXNativeTarget;
			buildConfigurationList = FEE35FF71D5D30280042E97C /* Build configuration list for PBXNativeTarget "githubTests" */;
			buildPhases = (
				FEE35FDC1D5D30280042E97C /* Sources */,
				FEE35FDD1D5D30280042E97C /* Frameworks */,
				FEE35FDE1D5D30280042E97C /* Resources */,
			);
			buildRules = (
			);
			dependencies = (
				FEE35FE21D5D30280042E97C /* PBXTargetDependency */,
			);
			name = githubTests;
			productName = githubTests;
			productReference = FEE35FE01D5D30280042E97C /* githubTests.xctest */;
			productType = "com.apple.product-type.bundle.unit-test";
		};
		FEE35FEA1D5D30280042E97C /* githubUITests */ = {
			isa = PBXNativeTarget;
			buildConfigurationList = FEE35FFA1D5D30280042E97C /* Build configuration list for PBXNativeTarget "githubUITests" */;
			buildPhases = (
				FEE35FE71D5D30280042E97C /* Sources */,
				FEE35FE81D5D30280042E97C /* Frameworks */,
				FEE35FE91D5D30280042E97C /* Resources */,
			);
			buildRules = (
			);
			dependencies = (
				FEE35FED1D5D30280042E97C /* PBXTargetDependency */,
			);
			name = githubUITests;
			productName = githubUITests;
			productReference = FEE35FEB1D5D30280042E97C /* githubUITests.xctest */;
			productType = "com.apple.product-type.bundle.ui-testing";
		};
/* End PBXNativeTarget section */

/* Begin PBXProject section */
		FEE35FBF1D5D30270042E97C /* Project object */ = {
			isa = PBXProject;
			attributes = {
				LastUpgradeCheck = 0730;
				ORGANIZATIONNAME = "Ricardo Isai";
				TargetAttributes = {
					FEE35FC61D5D30270042E97C = {
						CreatedOnToolsVersion = 7.3.1;
					};
					FEE35FDF1D5D30280042E97C = {
						CreatedOnToolsVersion = 7.3.1;
						TestTargetID = FEE35FC61D5D30270042E97C;
					};
					FEE35FEA1D5D30280042E97C = {
						CreatedOnToolsVersion = 7.3.1;
						TestTargetID = FEE35FC61D5D30270042E97C;
					};
				};
			};
			buildConfigurationList = FEE35FC21D5D30270042E97C /* Build configuration list for PBXProject "github" */;
			compatibilityVersion = "Xcode 3.2";
			developmentRegion = English;
			hasScannedForEncodings = 0;
			knownRegions = (
				en,
				Base,
			);
			mainGroup = FEE35FBE1D5D30270042E97C;
			productRefGroup = FEE35FC81D5D30280042E97C /* Products */;
			projectDirPath = "";
			projectRoot = "";
			targets = (
				FEE35FC61D5D30270042E97C /* github */,
				FEE35FDF1D5D30280042E97C /* githubTests */,
				FEE35FEA1D5D30280042E97C /* githubUITests */,
			);
		};
/* End PBXProject section */

/* Begin PBXResourcesBuildPhase section */
		FEE35FC51D5D30270042E97C /* Resources */ = {
			isa = PBXResourcesBuildPhase;
			buildActionMask = 2147483647;
			files = (
				FEE35FDA1D5D30280042E97C /* LaunchScreen.storyboard in Resources */,
				FEE35FD71D5D30280042E97C /* Assets.xcassets in Resources */,
				FEE35FD51D5D30280042E97C /* Main.storyboard in Resources */,
			);
			runOnlyForDeploymentPostprocessing = 0;
		};
		FEE35FDE1D5D30280042E97C /* Resources */ = {
			isa = PBXResourcesBuildPhase;
			buildActionMask = 2147483647;
			files = (
			);
			runOnlyForDeploymentPostprocessing = 0;
		};
		FEE35FE91D5D30280042E97C /* Resources */ = {
			isa = PBXResourcesBuildPhase;
			buildActionMask = 2147483647;
			files = (
			);
			runOnlyForDeploymentPostprocessing = 0;
		};
/* End PBXResourcesBuildPhase section */

/* Begin PBXSourcesBuildPhase section */
		FEE35FC31D5D30270042E97C /* Sources */ = {
			isa = PBXSourcesBuildPhase;
			buildActionMask = 2147483647;
			files = (
				FEE35FD21D5D30280042E97C /* ViewController.m in Sources */,
				FEE35FCF1D5D30280042E97C /* AppDelegate.m in Sources */,
				FEE35FCC1D5D30280042E97C /* main.m in Sources */,
			);
			runOnlyForDeploymentPostprocessing = 0;
		};
		FEE35FDC1D5D30280042E97C /* Sources */ = {
			isa = PBXSourcesBuildPhase;
			buildActionMask = 2147483647;
			files = (
				FEE35FE51D5D30280042E97C /* githubTests.m in Sources */,
			);
			runOnlyForDeploymentPostprocessing = 0;
		};
		FEE35FE71D5D30280042E97C /* Sources */ = {
			isa = PBXSourcesBuildPhase;
			buildActionMask = 2147483647;
			files = (
				FEE35FF01D5D30280042E97C /* githubUITests.m in Sources */,
			);
			runOnlyForDeploymentPostprocessing = 0;
		};
/* End PBXSourcesBuildPhase section */

/* Begin PBXTargetDependency section */
		FEE35FE21D5D30280042E97C /* PBXTargetDependency */ = {
			isa = PBXTargetDependency;
			target = FEE35FC61D5D30270042E97C /* github */;
			targetProxy = FEE35FE11D5D30280042E97C /* PBXContainerItemProxy */;
		};
		FEE35FED1D5D30280042E97C /* PBXTargetDependency */ = {
			isa = PBXTargetDependency;
			target = FEE35FC61D5D30270042E97C /* github */;
			targetProxy = FEE35FEC1D5D30280042E97C /* PBXContainerItemProxy */;
		};
/* End PBXTargetDependency section */

/* Begin PBXVariantGroup section */
		FEE35FD31D5D30280042E97C /* Main.storyboard */ = {
			isa = PBXVariantGroup;
			children = (
				FEE35FD41D5D30280042E97C /* Base */,
			);
			name = Main.storyboard;
			sourceTree = "<group>";
		};
		FEE35FD81D5D30280042E97C /* LaunchScreen.storyboard */ = {
			isa = PBXVariantGroup;
			children = (
				FEE35FD91D5D30280042E97C /* Base */,
			);
			name = LaunchScreen.storyboard;
			sourceTree = "<group>";
		};
/* End PBXVariantGroup section */

/* Begin XCBuildConfiguration section */
		FEE35FF21D5D30280042E97C /* Debug */ = {
			isa = XCBuildConfiguration;
			buildSettings = {
				ALWAYS_SEARCH_USER_PATHS = NO;
				CLANG_ANALYZER_NONNULL = YES;
				CLANG_CXX_LANGUAGE_STANDARD = "gnu++0x";
				CLANG_CXX_LIBRARY = "libc++";
				CLANG_ENABLE_MODULES = YES;
				CLANG_ENABLE_OBJC_ARC = YES;
				CLANG_WARN_BOOL_CONVERSION = YES;
				CLANG_WARN_CONSTANT_CONVERSION = YES;
				CLANG_WARN_DIRECT_OBJC_ISA_USAGE = YES_ERROR;
				CLANG_WARN_EMPTY_BODY = YES;
				CLANG_WARN_ENUM_CONVERSION = YES;
				CLANG_WARN_INT_CONVERSION = YES;
				CLANG_WARN_OBJC_ROOT_CLASS = YES_ERROR;
				CLANG_WARN_UNREACHABLE_CODE = YES;
				CLANG_WARN__DUPLICATE_METHOD_MATCH = YES;
				"CODE_SIGN_IDENTITY[sdk=iphoneos*]" = "iPhone Developer";
				COPY_PHASE_STRIP = NO;
				DEBUG_INFORMATION_FORMAT = dwarf;
				ENABLE_STRICT_OBJC_MSGSEND = YES;
				ENABLE_TESTABILITY = YES;
				GCC_C_LANGUAGE_STANDARD = gnu99;
				GCC_DYNAMIC_NO_PIC = NO;
				GCC_NO_COMMON_BLOCKS = YES;
				GCC_OPTIMIZATION_LEVEL = 0;
				GCC_PREPROCESSOR_DEFINITIONS = (
					"DEBUG=1",
					"$(inherited)",
				);
				GCC_WARN_64_TO_32_BIT_CONVERSION = YES;
				GCC_WARN_ABOUT_RETURN_TYPE = YES_ERROR;
				GCC_WARN_UNDECLARED_SELECTOR = YES;
				GCC_WARN_UNINITIALIZED_AUTOS = YES_AGGRESSIVE;
				GCC_WARN_UNUSED_FUNCTION = YES;
				GCC_WARN_UNUSED_VARIABLE = YES;
				IPHONEOS_DEPLOYMENT_TARGET = 9.3;
				MTL_ENABLE_DEBUG_INFO = YES;
				ONLY_ACTIVE_ARCH = YES;
				SDKROOT = iphoneos;
				TARGETED_DEVICE_FAMILY = "1,2";
			};
			name = Debug;
		};
		FEE35FF31D5D30280042E97C /* Release */ = {
			isa = XCBuildConfiguration;
			buildSettings = {
				ALWAYS_SEARCH_USER_PATHS = NO;
				CLANG_ANALYZER_NONNULL = YES;
				CLANG_CXX_LANGUAGE_STANDARD = "gnu++0x";
				CLANG_CXX_LIBRARY = "libc++";
				CLANG_ENABLE_MODULES = YES;
				CLANG_ENABLE_OBJC_ARC = YES;
				CLANG_WARN_BOOL_CONVERSION = YES;
				CLANG_WARN_CONSTANT_CONVERSION = YES;
				CLANG_WARN_DIRECT_OBJC_ISA_USAGE = YES_ERROR;
				CLANG_WARN_EMPTY_BODY = YES;
				CLANG_WARN_ENUM_CONVERSION = YES;
				CLANG_WARN_INT_CONVERSION = YES;
				CLANG_WARN_OBJC_ROOT_CLASS = YES_ERROR;
				CLANG_WARN_UNREACHABLE_CODE = YES;
				CLANG_WARN__DUPLICATE_METHOD_MATCH = YES;
				"CODE_SIGN_IDENTITY[sdk=iphoneos*]" = "iPhone Developer";
				COPY_PHASE_STRIP = NO;
				DEBUG_INFORMATION_FORMAT = "dwarf-with-dsym";
				ENABLE_NS_ASSERTIONS = NO;
				ENABLE_STRICT_OBJC_MSGSEND = YES;
				GCC_C_LANGUAGE_STANDARD = gnu99;
				GCC_NO_COMMON_BLOCKS = YES;
				GCC_WARN_64_TO_32_BIT_CONVERSION = YES;
				GCC_WARN_ABOUT_RETURN_TYPE = YES_ERROR;
				GCC_WARN_UNDECLARED_SELECTOR = YES;
				GCC_WARN_UNINITIALIZED_AUTOS = YES_AGGRESSIVE;
				GCC_WARN_UNUSED_FUNCTION = YES;
				GCC_WARN_UNUSED_VARIABLE = YES;
				IPHONEOS_DEPLOYMENT_TARGET = 9.3;
				MTL_ENABLE_DEBUG_INFO = NO;
				SDKROOT = iphoneos;
				TARGETED_DEVICE_FAMILY = "1,2";
				VALIDATE_PRODUCT = YES;
			};
			name = Release;
		};
		FEE35FF51D5D30280042E97C /* Debug */ = {
			isa = XCBuildConfiguration;
			buildSettings = {
				ASSETCATALOG_COMPILER_APPICON_NAME = AppIcon;
				CODE_SIGN_IDENTITY = "iPhone Developer";
				"CODE_SIGN_IDENTITY[sdk=iphoneos*]" = "iPhone Developer";
				INFOPLIST_FILE = github/Info.plist;
				LD_RUNPATH_SEARCH_PATHS = "$(inherited) @executable_path/Frameworks";
				PRODUCT_BUNDLE_IDENTIFIER = "FRAME-COMPANY.github";
				PRODUCT_NAME = "$(TARGET_NAME)";
				PROVISIONING_PROFILE = "";
			};
			name = Debug;
		};
		FEE35FF61D5D30280042E97C /* Release */ = {
			isa = XCBuildConfiguration;
			buildSettings = {
				ASSETCATALOG_COMPILER_APPICON_NAME = AppIcon;
				CODE_SIGN_IDENTITY = "iPhone Developer";
				"CODE_SIGN_IDENTITY[sdk=iphoneos*]" = "iPhone Developer";
				INFOPLIST_FILE = github/Info.plist;
				LD_RUNPATH_SEARCH_PATHS = "$(inherited) @executable_path/Frameworks";
				PRODUCT_BUNDLE_IDENTIFIER = "FRAME-COMPANY.github";
				PRODUCT_NAME = "$(TARGET_NAME)";
				PROVISIONING_PROFILE = "";
			};
			name = Release;
		};
		FEE35FF81D5D30280042E97C /* Debug */ = {
			isa = XCBuildConfiguration;
			buildSettings = {
				BUNDLE_LOADER = "$(TEST_HOST)";
				INFOPLIST_FILE = githubTests/Info.plist;
				LD_RUNPATH_SEARCH_PATHS = "$(inherited) @executable_path/Frameworks @loader_path/Frameworks";
				PRODUCT_BUNDLE_IDENTIFIER = "FRAME-COMPANY.githubTests";
				PRODUCT_NAME = "$(TARGET_NAME)";
				TEST_HOST = "$(BUILT_PRODUCTS_DIR)/github.app/github";
			};
			name = Debug;
		};
		FEE35FF91D5D30280042E97C /* Release */ = {
			isa = XCBuildConfiguration;
			buildSettings = {
				BUNDLE_LOADER = "$(TEST_HOST)";
				INFOPLIST_FILE = githubTests/Info.plist;
				LD_RUNPATH_SEARCH_PATHS = "$(inherited) @executable_path/Frameworks @loader_path/Frameworks";
				PRODUCT_BUNDLE_IDENTIFIER = "FRAME-COMPANY.githubTests";
				PRODUCT_NAME = "$(TARGET_NAME)";
				TEST_HOST = "$(BUILT_PRODUCTS_DIR)/github.app/github";
			};
			name = Release;
		};
		FEE35FFB1D5D30280042E97C /* Debug */ = {
			isa = XCBuildConfiguration;
			buildSettings = {
				INFOPLIST_FILE = githubUITests/Info.plist;
				LD_RUNPATH_SEARCH_PATHS = "$(inherited) @executable_path/Frameworks @loader_path/Frameworks";
				PRODUCT_BUNDLE_IDENTIFIER = "FRAME-COMPANY.githubUITests";
				PRODUCT_NAME = "$(TARGET_NAME)";
				TEST_TARGET_NAME = github;
			};
			name = Debug;
		};
		FEE35FFC1D5D30280042E97C /* Release */ = {
			isa = XCBuildConfiguration;
			buildSettings = {
				INFOPLIST_FILE = githubUITests/Info.plist;
				LD_RUNPATH_SEARCH_PATHS = "$(inherited) @executable_path/Frameworks @loader_path/Frameworks";
				PRODUCT_BUNDLE_IDENTIFIER = "FRAME-COMPANY.githubUITests";
				PRODUCT_NAME = "$(TARGET_NAME)";
				TEST_TARGET_NAME = github;
			};
			name = Release;
		};
/* End XCBuildConfiguration section */

/* Begin XCConfigurationList section */
		FEE35FC21D5D30270042E97C /* Build configuration list for PBXProject "github" */ = {
			isa = XCConfigurationList;
			buildConfigurations = (
				FEE35FF21D5D30280042E97C /* Debug */,
				FEE35FF31D5D30280042E97C /* Release */,
			);
			defaultConfigurationIsVisible = 0;
			defaultConfigurationName = Release;
		};
		FEE35FF41D5D30280042E97C /* Build configuration list for PBXNativeTarget "github" */ = {
			isa = XCConfigurationList;
			buildConfigurations = (
				FEE35FF51D5D30280042E97C /* Debug */,
				FEE35FF61D5D30280042E97C /* Release */,
			);
			defaultConfigurationIsVisible = 0;
		};
		FEE35FF71D5D30280042E97C /* Build configuration list for PBXNativeTarget "githubTests" */ = {
			isa = XCConfigurationList;
			buildConfigurations = (
				FEE35FF81D5D30280042E97C /* Debug */,
				FEE35FF91D5D30280042E97C /* Release */,
			);
			defaultConfigurationIsVisible = 0;
		};
		FEE35FFA1D5D30280042E97C /* Build configuration list for PBXNativeTarget "githubUITests" */ = {
			isa = XCConfigurationList;
			buildConfigurations = (
				FEE35FFB1D5D30280042E97C /* Debug */,
				FEE35FFC1D5D30280042E97C /* Release */,
			);
			defaultConfigurationIsVisible = 0;
		};
/* End XCConfigurationList section */
	};
	rootObject = FEE35FBF1D5D30270042E97C /* Project object */;
}
